// !$*UTF8*$!
{
	archiveVersion = 1;
	classes = {
	};
	objectVersion = 55;
	objects = {

/* Begin PBXBuildFile section */
		0471F7502816A45A00FE2509 /* main.cpp in Sources */ = {isa = PBXBuildFile; fileRef = 043EBA9F2815F02F000CFFB8 /* main.cpp */; };
		0471F7512816A46000FE2509 /* Triangle.cpp in Sources */ = {isa = PBXBuildFile; fileRef = 043EBAA62815F064000CFFB8 /* Triangle.cpp */; };
		0471F7522816A46200FE2509 /* RightAngled_open.cpp in Sources */ = {isa = PBXBuildFile; fileRef = 043EBAA92815F074000CFFB8 /* RightAngled_open.cpp */; };
/* End PBXBuildFile section */

/* Begin PBXCopyFilesBuildPhase section */
		043EBA9A2815F02F000CFFB8 /* CopyFiles */ = {
			isa = PBXCopyFilesBuildPhase;
			buildActionMask = 2147483647;
			dstPath = /usr/share/man/man1/;
			dstSubfolderSpec = 0;
			files = (
			);
			runOnlyForDeploymentPostprocessing = 1;
		};
/* End PBXCopyFilesBuildPhase section */

/* Begin PBXFileReference section */
		043EBA9C2815F02F000CFFB8 /* OOP_PR3.3D */ = {isa = PBXFileReference; explicitFileType = "compiled.mach-o.executable"; includeInIndex = 0; path = OOP_PR3.3D; sourceTree = BUILT_PRODUCTS_DIR; };
		043EBA9F2815F02F000CFFB8 /* main.cpp */ = {isa = PBXFileReference; lastKnownFileType = sourcecode.cpp.cpp; path = main.cpp; sourceTree = "<group>"; };
		043EBAA62815F064000CFFB8 /* Triangle.cpp */ = {isa = PBXFileReference; lastKnownFileType = sourcecode.cpp.cpp; path = Triangle.cpp; sourceTree = "<group>"; };
		043EBAA72815F064000CFFB8 /* Triangle.hpp */ = {isa = PBXFileReference; lastKnownFileType = sourcecode.cpp.h; path = Triangle.hpp; sourceTree = "<group>"; };
		043EBAA92815F074000CFFB8 /* RightAngled_open.cpp */ = {isa = PBXFileReference; lastKnownFileType = sourcecode.cpp.cpp; path = RightAngled_open.cpp; sourceTree = "<group>"; };
		043EBAAA2815F074000CFFB8 /* RightAngled_open.hpp */ = {isa = PBXFileReference; lastKnownFileType = sourcecode.cpp.h; path = RightAngled_open.hpp; sourceTree = "<group>"; };
		043EBAAC2815F081000CFFB8 /* RightAngled_close.cpp */ = {isa = PBXFileReference; lastKnownFileType = sourcecode.cpp.cpp; path = RightAngled_close.cpp; sourceTree = "<group>"; };
		043EBAAD2815F081000CFFB8 /* RightAngled_close.hpp */ = {isa = PBXFileReference; lastKnownFileType = sourcecode.cpp.h; path = RightAngled_close.hpp; sourceTree = "<group>"; };
		043EBAAF2815F0A7000CFFB8 /* UnitTest.cpp */ = {isa = PBXFileReference; lastKnownFileType = sourcecode.cpp.cpp; path = UnitTest.cpp; sourceTree = "<group>"; };
		043EBAB12815F0B3000CFFB8 /* catch.h */ = {isa = PBXFileReference; lastKnownFileType = sourcecode.c.h; path = catch.h; sourceTree = "<group>"; };
/* End PBXFileReference section */

/* Begin PBXFrameworksBuildPhase section */
		043EBA992815F02F000CFFB8 /* Frameworks */ = {
			isa = PBXFrameworksBuildPhase;
			buildActionMask = 2147483647;
			files = (
			);
			runOnlyForDeploymentPostprocessing = 0;
		};
/* End PBXFrameworksBuildPhase section */

/* Begin PBXGroup section */
		043EBA932815F02F000CFFB8 = {
			isa = PBXGroup;
			children = (
				043EBA9E2815F02F000CFFB8 /* OOP_PR3.3D */,
				043EBA9D2815F02F000CFFB8 /* Products */,
			);
			sourceTree = "<group>";
		};
		043EBA9D2815F02F000CFFB8 /* Products */ = {
			isa = PBXGroup;
			children = (
				043EBA9C2815F02F000CFFB8 /* OOP_PR3.3D */,
			);
			name = Products;
			sourceTree = "<group>";
		};
		043EBA9E2815F02F000CFFB8 /* OOP_PR3.3D */ = {
			isa = PBXGroup;
			children = (
				043EBA9F2815F02F000CFFB8 /* main.cpp */,
				043EBAA62815F064000CFFB8 /* Triangle.cpp */,
				043EBAA92815F074000CFFB8 /* RightAngled_open.cpp */,
				043EBAAC2815F081000CFFB8 /* RightAngled_close.cpp */,
				043EBAAD2815F081000CFFB8 /* RightAngled_close.hpp */,
				043EBAAA2815F074000CFFB8 /* RightAngled_open.hpp */,
				043EBAA72815F064000CFFB8 /* Triangle.hpp */,
				043EBAAF2815F0A7000CFFB8 /* UnitTest.cpp */,
				043EBAB12815F0B3000CFFB8 /* catch.h */,
			);
			path = OOP_PR3.3D;
			sourceTree = "<group>";
		};
/* End PBXGroup section */

/* Begin PBXNativeTarget section */
		043EBA9B2815F02F000CFFB8 /* OOP_PR3.3D */ = {
			isa = PBXNativeTarget;
			buildConfigurationList = 043EBAA32815F02F000CFFB8 /* Build configuration list for PBXNativeTarget "OOP_PR3.3D" */;
			buildPhases = (
				043EBA982815F02F000CFFB8 /* Sources */,
				043EBA992815F02F000CFFB8 /* Frameworks */,
				043EBA9A2815F02F000CFFB8 /* CopyFiles */,
			);
			buildRules = (
			);
			dependencies = (
			);
			name = OOP_PR3.3D;
			productName = OOP_PR3.3D;
			productReference = 043EBA9C2815F02F000CFFB8 /* OOP_PR3.3D */;
			productType = "com.apple.product-type.tool";
		};
/* End PBXNativeTarget section */

/* Begin PBXProject section */
		043EBA942815F02F000CFFB8 /* Project object */ = {
			isa = PBXProject;
			attributes = {
				BuildIndependentTargetsInParallel = 1;
				LastUpgradeCheck = 1320;
				TargetAttributes = {
					043EBA9B2815F02F000CFFB8 = {
						CreatedOnToolsVersion = 13.2.1;
					};
				};
			};
			buildConfigurationList = 043EBA972815F02F000CFFB8 /* Build configuration list for PBXProject "OOP_PR3.3D" */;
			compatibilityVersion = "Xcode 13.0";
			developmentRegion = en;
			hasScannedForEncodings = 0;
			knownRegions = (
				en,
				Base,
			);
			mainGroup = 043EBA932815F02F000CFFB8;
			productRefGroup = 043EBA9D2815F02F000CFFB8 /* Products */;
			projectDirPath = "";
			projectRoot = "";
			targets = (
				043EBA9B2815F02F000CFFB8 /* OOP_PR3.3D */,
			);
		};
/* End PBXProject section */

/* Begin PBXSourcesBuildPhase section */
		043EBA982815F02F000CFFB8 /* Sources */ = {
			isa = PBXSourcesBuildPhase;
			buildActionMask = 2147483647;
			files = (
				0471F7502816A45A00FE2509 /* main.cpp in Sources */,
				0471F7512816A46000FE2509 /* Triangle.cpp in Sources */,
				0471F7522816A46200FE2509 /* RightAngled_open.cpp in Sources */,
			);
			runOnlyForDeploymentPostprocessing = 0;
		};
/* End PBXSourcesBuildPhase section */

/* Begin XCBuildConfiguration section */
		043EBAA12815F02F000CFFB8 /* Debug */ = {
			isa = XCBuildConfiguration;
			buildSettings = {
				ALWAYS_SEARCH_USER_PATHS = NO;
				CLANG_ANALYZER_NONNULL = YES;
				CLANG_ANALYZER_NUMBER_OBJECT_CONVERSION = YES_AGGRESSIVE;
				CLANG_CXX_LANGUAGE_STANDARD = "gnu++17";
				CLANG_CXX_LIBRARY = "libc++";
				CLANG_ENABLE_MODULES = YES;
				CLANG_ENABLE_OBJC_ARC = YES;
				CLANG_ENABLE_OBJC_WEAK = YES;
				CLANG_WARN_BLOCK_CAPTURE_AUTORELEASING = YES;
				CLANG_WARN_BOOL_CONVERSION = YES;
				CLANG_WARN_COMMA = YES;
				CLANG_WARN_CONSTANT_CONVERSION = YES;
				CLANG_WARN_DEPRECATED_OBJC_IMPLEMENTATIONS = YES;
				CLANG_WARN_DIRECT_OBJC_ISA_USAGE = YES_ERROR;
				CLANG_WARN_DOCUMENTATION_COMMENTS = YES;
				CLANG_WARN_EMPTY_BODY = YES;
				CLANG_WARN_ENUM_CONVERSION = YES;
				CLANG_WARN_INFINITE_RECURSION = YES;
				CLANG_WARN_INT_CONVERSION = YES;
				CLANG_WARN_NON_LITERAL_NULL_CONVERSION = YES;
				CLANG_WARN_OBJC_IMPLICIT_RETAIN_SELF = YES;
				CLANG_WARN_OBJC_LITERAL_CONVERSION = YES;
				CLANG_WARN_OBJC_ROOT_CLASS = YES_ERROR;
				CLANG_WARN_QUOTED_INCLUDE_IN_FRAMEWORK_HEADER = YES;
				CLANG_WARN_RANGE_LOOP_ANALYSIS = YES;
				CLANG_WARN_STRICT_PROTOTYPES = YES;
				CLANG_WARN_SUSPICIOUS_MOVE = YES;
				CLANG_WARN_UNGUARDED_AVAILABILITY = YES_AGGRESSIVE;
				CLANG_WARN_UNREACHABLE_CODE = YES;
				CLANG_WARN__DUPLICATE_METHOD_MATCH = YES;
				COPY_PHASE_STRIP = NO;
				DEBUG_INFORMATION_FORMAT = dwarf;
				ENABLE_STRICT_OBJC_MSGSEND = YES;
				ENABLE_TESTABILITY = YES;
				GCC_C_LANGUAGE_STANDARD = gnu11;
				GCC_DYNAMIC_NO_PIC = NO;
				GCC_NO_COMMON_BLOCKS = YES;
				GCC_OPTIMIZATION_LEVEL = 0;
				GCC_PREPROCESSOR_DEFINITIONS = (
					"DEBUG=1",
					"$(inherited)",
				);
				GCC_WARN_64_TO_32_BIT_CONVERSION = YES;
				GCC_WARN_ABOUT_RETURN_TYPE = YES_ERROR;
				GCC_WARN_UNDECLARED_SELECTOR = YES;
				GCC_WARN_UNINITIALIZED_AUTOS = YES_AGGRESSIVE;
				GCC_WARN_UNUSED_FUNCTION = YES;
				GCC_WARN_UNUSED_VARIABLE = YES;
				MACOSX_DEPLOYMENT_TARGET = 11.6;
				MTL_ENABLE_DEBUG_INFO = INCLUDE_SOURCE;
				MTL_FAST_MATH = YES;
				ONLY_ACTIVE_ARCH = YES;
				SDKROOT = macosx;
			};
			name = Debug;
		};
		043EBAA22815F02F000CFFB8 /* Release */ = {
			isa = XCBuildConfiguration;
			buildSettings = {
				ALWAYS_SEARCH_USER_PATHS = NO;
				CLANG_ANALYZER_NONNULL = YES;
				CLANG_ANALYZER_NUMBER_OBJECT_CONVERSION = YES_AGGRESSIVE;
				CLANG_CXX_LANGUAGE_STANDARD = "gnu++17";
				CLANG_CXX_LIBRARY = "libc++";
				CLANG_ENABLE_MODULES = YES;
				CLANG_ENABLE_OBJC_ARC = YES;
				CLANG_ENABLE_OBJC_WEAK = YES;
				CLANG_WARN_BLOCK_CAPTURE_AUTORELEASING = YES;
				CLANG_WARN_BOOL_CONVERSION = YES;
				CLANG_WARN_COMMA = YES;
				CLANG_WARN_CONSTANT_CONVERSION = YES;
				CLANG_WARN_DEPRECATED_OBJC_IMPLEMENTATIONS = YES;
				CLANG_WARN_DIRECT_OBJC_ISA_USAGE = YES_ERROR;
				CLANG_WARN_DOCUMENTATION_COMMENTS = YES;
				CLANG_WARN_EMPTY_BODY = YES;
				CLANG_WARN_ENUM_CONVERSION = YES;
				CLANG_WARN_INFINITE_RECURSION = YES;
				CLANG_WARN_INT_CONVERSION = YES;
				CLANG_WARN_NON_LITERAL_NULL_CONVERSION = YES;
				CLANG_WARN_OBJC_IMPLICIT_RETAIN_SELF = YES;
				CLANG_WARN_OBJC_LITERAL_CONVERSION = YES;
				CLANG_WARN_OBJC_ROOT_CLASS = YES_ERROR;
				CLANG_WARN_QUOTED_INCLUDE_IN_FRAMEWORK_HEADER = YES;
				CLANG_WARN_RANGE_LOOP_ANALYSIS = YES;
				CLANG_WARN_STRICT_PROTOTYPES = YES;
				CLANG_WARN_SUSPICIOUS_MOVE = YES;
				CLANG_WARN_UNGUARDED_AVAILABILITY = YES_AGGRESSIVE;
				CLANG_WARN_UNREACHABLE_CODE = YES;
				CLANG_WARN__DUPLICATE_METHOD_MATCH = YES;
				COPY_PHASE_STRIP = NO;
				DEBUG_INFORMATION_FORMAT = "dwarf-with-dsym";
				ENABLE_NS_ASSERTIONS = NO;
				ENABLE_STRICT_OBJC_MSGSEND = YES;
				GCC_C_LANGUAGE_STANDARD = gnu11;
				GCC_NO_COMMON_BLOCKS = YES;
				GCC_WARN_64_TO_32_BIT_CONVERSION = YES;
				GCC_WARN_ABOUT_RETURN_TYPE = YES_ERROR;
				GCC_WARN_UNDECLARED_SELECTOR = YES;
				GCC_WARN_UNINITIALIZED_AUTOS = YES_AGGRESSIVE;
				GCC_WARN_UNUSED_FUNCTION = YES;
				GCC_WARN_UNUSED_VARIABLE = YES;
				MACOSX_DEPLOYMENT_TARGET = 11.6;
				MTL_ENABLE_DEBUG_INFO = NO;
				MTL_FAST_MATH = YES;
				SDKROOT = macosx;
			};
			name = Release;
		};
		043EBAA42815F02F000CFFB8 /* Debug */ = {
			isa = XCBuildConfiguration;
			buildSettings = {
				CODE_SIGN_STYLE = Automatic;
				DEVELOPMENT_TEAM = Z93DWLULFJ;
				ENABLE_HARDENED_RUNTIME = YES;
				PRODUCT_NAME = "$(TARGET_NAME)";
			};
			name = Debug;
		};
		043EBAA52815F02F000CFFB8 /* Release */ = {
			isa = XCBuildConfiguration;
			buildSettings = {
				CODE_SIGN_STYLE = Automatic;
				DEVELOPMENT_TEAM = Z93DWLULFJ;
				ENABLE_HARDENED_RUNTIME = YES;
				PRODUCT_NAME = "$(TARGET_NAME)";
			};
			name = Release;
		};
/* End XCBuildConfiguration section */

/* Begin XCConfigurationList section */
		043EBA972815F02F000CFFB8 /* Build configuration list for PBXProject "OOP_PR3.3D" */ = {
			isa = XCConfigurationList;
			buildConfigurations = (
				043EBAA12815F02F000CFFB8 /* Debug */,
				043EBAA22815F02F000CFFB8 /* Release */,
			);
			defaultConfigurationIsVisible = 0;
			defaultConfigurationName = Release;
		};
		043EBAA32815F02F000CFFB8 /* Build configuration list for PBXNativeTarget "OOP_PR3.3D" */ = {
			isa = XCConfigurationList;
			buildConfigurations = (
				043EBAA42815F02F000CFFB8 /* Debug */,
				043EBAA52815F02F000CFFB8 /* Release */,
			);
			defaultConfigurationIsVisible = 0;
			defaultConfigurationName = Release;
		};
/* End XCConfigurationList section */
	};
	rootObject = 043EBA942815F02F000CFFB8 /* Project object */;
}
